
Microsoft Visual Studio Solution File, Format Version 12.00
# Visual Studio Version 17
VisualStudioVersion = 17.12.35527.113
MinimumVisualStudioVersion = 10.0.40219.1
Project("{8BC9CEB8-8B4A-11D0-8D11-00A0C91BC942}") = "vulkanapp1", "vulkanapp1\vulkanapp1.vcxproj", "{50D1BAEE-F11D-4AFE-A447-A904A955623B}"
EndProject
Project("{8BC9CEB8-8B4A-11D0-8D11-00A0C91BC942}") = "VulkanStaticLib1", "VulkanStaticLib1\VulkanStaticLib1.vcxproj", "{5F8E1D1A-3962-47DA-9E1D-4DAC91FC8327}"
EndProject
Project("{8BC9CEB8-8B4A-11D0-8D11-00A0C91BC942}") = "VulkanApplication1", "VulkanApplication1\VulkanApplication1.vcxproj", "{13222F46-8ED5-4B69-9DF9-8BDF0F7AA2DF}"
	ProjectSection(ProjectDependencies) = postProject
		{5F8E1D1A-3962-47DA-9E1D-4DAC91FC8327} = {5F8E1D1A-3962-47DA-9E1D-4DAC91FC8327}
	EndProjectSection
EndProject
Global
	GlobalSection(SolutionConfigurationPlatforms) = preSolution
		Debug|x64 = Debug|x64
		Debug|x86 = Debug|x86
		Release|x64 = Release|x64
		Release|x86 = Release|x86
	EndGlobalSection
	GlobalSection(ProjectConfigurationPlatforms) = postSolution
		{50D1BAEE-F11D-4AFE-A447-A904A955623B}.Debug|x64.ActiveCfg = Debug|x64
		{50D1BAEE-F11D-4AFE-A447-A904A955623B}.Debug|x64.Build.0 = Debug|x64
		{50D1BAEE-F11D-4AFE-A447-A904A955623B}.Debug|x86.ActiveCfg = Debug|Win32
		{50D1BAEE-F11D-4AFE-A447-A904A955623B}.Debug|x86.Build.0 = Debug|Win32
		{50D1BAEE-F11D-4AFE-A447-A904A955623B}.Release|x64.ActiveCfg = Release|x64
		{50D1BAEE-F11D-4AFE-A447-A904A955623B}.Release|x64.Build.0 = Release|x64
		{50D1BAEE-F11D-4AFE-A447-A904A955623B}.Release|x86.ActiveCfg = Release|Win32
		{50D1BAEE-F11D-4AFE-A447-A904A955623B}.Release|x86.Build.0 = Release|Win32
		{5F8E1D1A-3962-47DA-9E1D-4DAC91FC8327}.Debug|x64.ActiveCfg = Debug|x64
		{5F8E1D1A-3962-47DA-9E1D-4DAC91FC8327}.Debug|x64.Build.0 = Debug|x64
		{5F8E1D1A-3962-47DA-9E1D-4DAC91FC8327}.Debug|x86.ActiveCfg = Debug|Win32
		{5F8E1D1A-3962-47DA-9E1D-4DAC91FC8327}.Debug|x86.Build.0 = Debug|Win32
		{5F8E1D1A-3962-47DA-9E1D-4DAC91FC8327}.Release|x64.ActiveCfg = Release|x64
		{5F8E1D1A-3962-47DA-9E1D-4DAC91FC8327}.Release|x64.Build.0 = Release|x64
		{5F8E1D1A-3962-47DA-9E1D-4DAC91FC8327}.Release|x86.ActiveCfg = Release|Win32
		{5F8E1D1A-3962-47DA-9E1D-4DAC91FC8327}.Release|x86.Build.0 = Release|Win32
		{13222F46-8ED5-4B69-9DF9-8BDF0F7AA2DF}.Debug|x64.ActiveCfg = Debug|x64
		{13222F46-8ED5-4B69-9DF9-8BDF0F7AA2DF}.Debug|x64.Build.0 = Debug|x64
		{13222F46-8ED5-4B69-9DF9-8BDF0F7AA2DF}.Debug|x86.ActiveCfg = Debug|Win32
		{13222F46-8ED5-4B69-9DF9-8BDF0F7AA2DF}.Debug|x86.Build.0 = Debug|Win32
		{13222F46-8ED5-4B69-9DF9-8BDF0F7AA2DF}.Release|x64.ActiveCfg = Release|x64
		{13222F46-8ED5-4B69-9DF9-8BDF0F7AA2DF}.Release|x64.Build.0 = Release|x64
		{13222F46-8ED5-4B69-9DF9-8BDF0F7AA2DF}.Release|x86.ActiveCfg = Release|Win32
		{13222F46-8ED5-4B69-9DF9-8BDF0F7AA2DF}.Release|x86.Build.0 = Release|Win32
	EndGlobalSection
	GlobalSection(SolutionProperties) = preSolution
		HideSolutionNode = FALSE
	EndGlobalSection
EndGlobal
